
Microsoft Visual Studio Solution File, Format Version 12.00
# Visual Studio 15
VisualStudioVersion = 15.0.26730.16
MinimumVisualStudioVersion = 10.0.40219.1
Project("{FAE04EC0-301F-11D3-BF4B-00C04F79EFBC}") = "MoviesRepositoryStorage", "MoviesRepositoryStorage\MoviesRepositoryStorage.csproj", "{0E6B3133-2815-45A3-ACF9-D0FA298EB613}"
EndProject
Project("{FAE04EC0-301F-11D3-BF4B-00C04F79EFBC}") = "DataEntities", "DataEntities\DataEntities.csproj", "{80926521-CE27-4BFD-B4CE-38A614162BFF}"
EndProject
Project("{FAE04EC0-301F-11D3-BF4B-00C04F79EFBC}") = "MoviesWebAPI", "MoviesWebAPI\MoviesWebAPI.csproj", "{56CD7AB6-ABC0-4B21-9B38-CC0920506DF2}"
EndProject
Project("{FAE04EC0-301F-11D3-BF4B-00C04F79EFBC}") = "MoviesRepositoryMVC", "MoviesRepositoryMVC\MoviesRepositoryMVC.csproj", "{1996B421-0A0B-4345-AF4E-9DF641E1FF99}"
EndProject
Global
	GlobalSection(SolutionConfigurationPlatforms) = preSolution
		Debug|Any CPU = Debug|Any CPU
		Release|Any CPU = Release|Any CPU
	EndGlobalSection
	GlobalSection(ProjectConfigurationPlatforms) = postSolution
		{0E6B3133-2815-45A3-ACF9-D0FA298EB613}.Debug|Any CPU.ActiveCfg = Debug|Any CPU
		{0E6B3133-2815-45A3-ACF9-D0FA298EB613}.Debug|Any CPU.Build.0 = Debug|Any CPU
		{0E6B3133-2815-45A3-ACF9-D0FA298EB613}.Release|Any CPU.ActiveCfg = Release|Any CPU
		{0E6B3133-2815-45A3-ACF9-D0FA298EB613}.Release|Any CPU.Build.0 = Release|Any CPU
		{80926521-CE27-4BFD-B4CE-38A614162BFF}.Debug|Any CPU.ActiveCfg = Debug|Any CPU
		{80926521-CE27-4BFD-B4CE-38A614162BFF}.Debug|Any CPU.Build.0 = Debug|Any CPU
		{80926521-CE27-4BFD-B4CE-38A614162BFF}.Release|Any CPU.ActiveCfg = Release|Any CPU
		{80926521-CE27-4BFD-B4CE-38A614162BFF}.Release|Any CPU.Build.0 = Release|Any CPU
		{56CD7AB6-ABC0-4B21-9B38-CC0920506DF2}.Debug|Any CPU.ActiveCfg = Debug|Any CPU
		{56CD7AB6-ABC0-4B21-9B38-CC0920506DF2}.Debug|Any CPU.Build.0 = Debug|Any CPU
		{56CD7AB6-ABC0-4B21-9B38-CC0920506DF2}.Release|Any CPU.ActiveCfg = Release|Any CPU
		{56CD7AB6-ABC0-4B21-9B38-CC0920506DF2}.Release|Any CPU.Build.0 = Release|Any CPU
		{1996B421-0A0B-4345-AF4E-9DF641E1FF99}.Debug|Any CPU.ActiveCfg = Debug|Any CPU
		{1996B421-0A0B-4345-AF4E-9DF641E1FF99}.Debug|Any CPU.Build.0 = Debug|Any CPU
		{1996B421-0A0B-4345-AF4E-9DF641E1FF99}.Release|Any CPU.ActiveCfg = Release|Any CPU
		{1996B421-0A0B-4345-AF4E-9DF641E1FF99}.Release|Any CPU.Build.0 = Release|Any CPU
	EndGlobalSection
	GlobalSection(SolutionProperties) = preSolution
		HideSolutionNode = FALSE
	EndGlobalSection
	GlobalSection(ExtensibilityGlobals) = postSolution
		SolutionGuid = {3FB96AE4-41AF-402E-B7E3-1F57B308371D}
	EndGlobalSection
EndGlobal
